
Microsoft Visual Studio Solution File, Format Version 12.00
# Visual Studio Version 17
VisualStudioVersion = 17.10.34916.146
MinimumVisualStudioVersion = 10.0.40219.1
Project("{FAE04EC0-301F-11D3-BF4B-00C04F79EFBC}") = "Calculator", "Calculator\Calculator.csproj", "{8F4FB41A-4DC5-4E26-BBB5-06A88BD98F26}"
EndProject
Global
	GlobalSection(SolutionConfigurationPlatforms) = preSolution
		Debug|Any CPU = Debug|Any CPU
		Release|Any CPU = Release|Any CPU
	EndGlobalSection
	GlobalSection(ProjectConfigurationPlatforms) = postSolution
		{8F4FB41A-4DC5-4E26-BBB5-06A88BD98F26}.Debug|Any CPU.ActiveCfg = Debug|Any CPU
		{8F4FB41A-4DC5-4E26-BBB5-06A88BD98F26}.Debug|Any CPU.Build.0 = Debug|Any CPU
		{8F4FB41A-4DC5-4E26-BBB5-06A88BD98F26}.Release|Any CPU.ActiveCfg = Release|Any CPU
		{8F4FB41A-4DC5-4E26-BBB5-06A88BD98F26}.Release|Any CPU.Build.0 = Release|Any CPU
	EndGlobalSection
	GlobalSection(SolutionProperties) = preSolution
		HideSolutionNode = FALSE
	EndGlobalSection
	GlobalSection(ExtensibilityGlobals) = postSolution
		SolutionGuid = {1FD9E68E-0F27-47C5-86FF-9968119A4A1A}
	EndGlobalSection
EndGlobal
